github.com/beorn7/perks v0.0.0-20160804104726-4c0e84591b9a h1:BtpsbiV638WQZwhA98cEZw2BsbnQJrbd0BI7tsy0W1c=
github.com/beorn7/perks v0.0.0-20160804104726-4c0e84591b9a/go.mod h1:Dwedo/Wpr24TaqPxmxbtue+5NUziq4I4S80YR8gNf3Q=
github.com/codegangsta/cli v1.20.0 h1:iX1FXEgwzd5+XN6wk5cVHOGQj6Q3Dcp20lUeS4lHNTw=
github.com/codegangsta/cli v1.20.0/go.mod h1:/qJNoX69yVSKu5o4jLyXAENLRyk1uhi7zkbQ3slBdOA=
github.com/go-redis/redis v6.5.7+incompatible h1:ntHkFbtW3ZLzaLFJpD3Wah56ftFHU/ocpQvf6dmVoQY=
github.com/go-redis/redis v6.5.7+incompatible/go.mod h1:NAIEuMOZ/fxfXJIrKDQDz8wamY7mA7PouImQ2Jvg6kA=
github.com/golang/protobuf v0.0.0-20170902000452-17ce1425424a h1:pklYnGCcDc7eaFCzmrTM4fiNgWT5z49peC8hOVdDG88=
github.com/golang/protobuf v0.0.0-20170902000452-17ce1425424a/go.mod h1:6lQm79b+lXiMfvg/cZm0SGofjICqVBUtrP5yJMmIC1U=
github.com/google/gops v0.0.0-20171222022621-e09130d89827 h1:oshjdcTo2f3LgdaKZTbVSWoKHWCdtn97G8rrA5FlA84=
github.com/google/gops v0.0.0-20171222022621-e09130d89827/go.mod h1:pMQgrscwEK/aUSW1IFSaBPbJX82FPHWaSoJw1axQfD0=
github.com/hashicorp/golang-lru v0.0.0-20160813221303-0a025b7e63ad h1:eMxs9EL0PvIGS9TTtxg4R+JxuPGav82J8rA+GFnY7po=
github.com/hashicorp/golang-lru v0.0.0-20160813221303-0a025b7e63ad/go.mod h1:/m3WP610KZHVQ1SGc6re/UDhFvYD7pJ4Ao+sR/qLZy8=
github.com/kardianos/osext v0.0.0-20170510131534-ae77be60afb1 h1:PJPDf8OUfOK1bb/NeTKd4f1QXZItOX389VN3B6qC8ro=
github.com/kardianos/osext v0.0.0-20170510131534-ae77be60afb1/go.mod h1:1NbS8ALrpOvjt0rHPNLyCIeMtbizbir8U//inJ+zuB8=
github.com/klauspost/compress v1.2.1 h1:z1Ra6IKoPtIeVA8GV0SCQhuo6T4EBjlL9VwonZ8NYBo=
github.com/klauspost/compress v1.2.1/go.mod h1:RyIbtBH6LamlWaDj8nUwkbUhJ87Yi3uG0guNDohfE1A=
github.com/klauspost/cpuid v0.0.0-20170728055534-ae7887de9fa5 h1:2U0HzY8BJ8hVwDKIzp7y4voR9CX/nvcfymLmg2UiOio=
github.com/klauspost/cpuid v0.0.0-20170728055534-ae7887de9fa5/go.mod h1:Pj4uuM528wm8OyEC2QMXAi2YiTZ96dNQPGgoMS4s3ek=
github.com/klauspost/crc32 v0.0.0-20161016154125-cb6bfca970f6 h1:KAZ1BW2TCmT6PRihDPpocIy1QTtsAsrx6TneU/4+CMg=
github.com/klauspost/crc32 v0.0.0-20161016154125-cb6bfca970f6/go.mod h1:+ZoRqAPRLkC4NPOvfYeR5KNOrY6TD+/sAC3HXPZgDYg=
github.com/matttproud/golang_protobuf_extensions v1.0.0 h1:YNOwxxSJzSUARoD9KRZLzM9Y858MNGCOACTvCW9TSAc=
github.com/matttproud/golang_protobuf_extensions v1.0.0/go.mod h1:D8He9yQNgCq6Z5Ld7szi9bcBfOoFv/3dc6xSMkL2PC0=
github.com/nu7hatch/gouuid v0.0.0-20131221200532-179d4d0c4d8d h1:VhgPp6v9qf9Agr/56bj7Y/xa04UccTW04VP0Qed4vnQ=
github.com/nu7hatch/gouuid v0.0.0-20131221200532-179d4d0c4d8d/go.mod h1:YUTz3bUH2ZwIWBy3CJBeOBEugqcmXREj14T+iG/4k4U=
github.com/prometheus/client_golang v0.8.0 h1:1921Yw9Gc3iSc4VQh3PIoOqgPCZS7G/4xQNVUp8Mda8=
github.com/prometheus/client_golang v0.8.0/go.mod h1:7SWBe2y4D6OKWSNQJUaRYU/AaXPKyh/dDVn+NZz0KFw=
github.com/prometheus/client_model v0.0.0-20170216185247-6f3806018612 h1:13pIdM2tpaDi4OVe24fgoIS7ZTqMt0QI+bwQsX5hq+g=
github.com/prometheus/client_model v0.0.0-20170216185247-6f3806018612/go.mod h1:MbSGuTsp3dbXC40dX6PRTWyKYBIrTGTE9sqQNg2J8bo=
github.com/prometheus/common v0.0.0-20170830190555-bc8b88226a12 h1:HNF6jAkmGi59kDBqYDDt5i6luIKlEWGOKEfel2vLRBY=
github.com/prometheus/common v0.0.0-20170830190555-bc8b88226a12/go.mod h1:daVV7qP5qjZbuso7PdcryaAu0sAZbrN9i7WWcTMWvro=
github.com/prometheus/procfs v0.0.0-20170703101242-e645f4e5aaa8 h1:Kh7M6mzRpQ2de1rixoSQZr4BTINXFm8WDbeN5ttnwyE=
github.com/prometheus/procfs v0.0.0-20170703101242-e645f4e5aaa8/go.mod h1:c3At6R/oaqEKCNdg8wHV1ftS6bRYblBhIjjI8uT2IGk=
github.com/tsuru/planb v0.0.0-20171101194304-c00b3d97f325 h1:3VzS39pG+H5i/1cnsCDZt1d21nn4yfGkKpPxnT/z6cU=
github.com/tsuru/planb v0.0.0-20171101194304-c00b3d97f325/go.mod h1:NVPFoDT74aMqWxtQOFY4Vpv0+CJHVQD0KGeisPTorxY=
github.com/valyala/fasthttp v0.0.0-20160513150518-b0d76e0fc7e8 h1:ln29OOeJ7iRq5UkXz1Lxht6nBXLa8uHNwxSY0Vf6n8Q=
github.com/valyala/fasthttp v0.0.0-20160513150518-b0d76e0fc7e8/go.mod h1:+g/po7GqyG5E+1CNgquiIxJnsXEi5vwFn5weFujbO78=
golang.org/x/net v0.0.0-20170828231752-66aacef3dd8a h1:DZGc/od29xzgmdBTGZL3zqLaoHS0O+qdIEYJNkOxDKM=
golang.org/x/net v0.0.0-20170828231752-66aacef3dd8a/go.mod h1:mL1N/T3taQHkDXs73rZJwtUhF3w3ftmwwsq0BUmARs4=
gopkg.in/check.v1 v1.0.0-20161208181325-20d25e280405 h1:829vOVxxusYHC+IqBtkX5mbKtsY9fheQiQn0MZRVLfQ=
gopkg.in/check.v1 v1.0.0-20161208181325-20d25e280405/go.mod h1:Co6ibVJAznAaIkqp8huTwlJQCZ016jof/cbN4VW5Yz0=
